
Microsoft Visual Studio Solution File, Format Version 12.00
# Visual Studio Version 17
VisualStudioVersion = 17.14.36414.22
MinimumVisualStudioVersion = 10.0.40219.1
Project("{FAE04EC0-301F-11D3-BF4B-00C04F79EFBC}") = "DPM235479_NguyenVanThang_Tuan02_Adapter_DP", "DPM235479_NguyenVanThang_Tuan02_Adapter_DP\DPM235479_NguyenVanThang_Tuan02_Adapter_DP.csproj", "{04249883-F230-4CA2-BAB0-9EAC5889D91D}"
EndProject
Project("{FAE04EC0-301F-11D3-BF4B-00C04F79EFBC}") = "DPM235479_NguyenVanThang_Tuan02_Adapter_Read_NhanVien_DP", "DPM235479_NguyenVanThang_Tuan02_Adapter_Read_NhanVien_DP\DPM235479_NguyenVanThang_Tuan02_Adapter_Read_NhanVien_DP.csproj", "{A1B2C3D4-E5F6-7890-ABCD-EF1234567890}"
EndProject
Project("{FAE04EC0-301F-11D3-BF4B-00C04F79EFBC}") = "DPM235479_NguyenVanThang_Tuan02_Bridge_DP", "DPM235479_NguyenVanThang_Tuan02_Bridge_DP\DPM235479_NguyenVanThang_Tuan02_Bridge_DP.csproj", "{C31BF0D5-C42A-47C0-9AF1-9CFDCC677BB2}"
EndProject
Project("{FAE04EC0-301F-11D3-BF4B-00C04F79EFBC}") = "DPM235479_NguyenVanThang_Tuan02_Bridge_Read_NhanVien_DP", "DPM235479_NguyenVanThang_Tuan02_Bridge_Read_NhanVien_DP\DPM235479_NguyenVanThang_Tuan02_Bridge_Read_NhanVien_DP.csproj", "{EAE8880C-2987-4DE3-AB01-B3280FF0E952}"
EndProject
Project("{FAE04EC0-301F-11D3-BF4B-00C04F79EFBC}") = "DPM235479_NguyenVanThang_Tuan02_Composite_DP", "DPM235479_NguyenVanThang_Tuan02_Composite_DP\DPM235479_NguyenVanThang_Tuan02_Composite_DP.csproj", "{FF38D6FD-6BFF-48F1-975C-8495E18BD735}"
EndProject
Project("{FAE04EC0-301F-11D3-BF4B-00C04F79EFBC}") = "DPM235479_NguyenVanThang_Tuan02_Composite_Read_NhanVien_DP", "DPM235479_NguyenVanThang_Tuan02_Composite_Read_NhanVien_DP\DPM235479_NguyenVanThang_Tuan02_Composite_Read_NhanVien_DP.csproj", "{27022623-E28F-4FC2-8498-FBD1CA6A8644}"
EndProject
Project("{FAE04EC0-301F-11D3-BF4B-00C04F79EFBC}") = "DPM235479_NguyenVanThang_Tuan02_Decorator_DP", "DPM235479_NguyenVanThang_Tuan02_Decorator_DP\DPM235479_NguyenVanThang_Tuan02_Decorator_DP.csproj", "{3F9A3102-1A27-409A-A479-213FE0A40AB5}"
EndProject
Project("{FAE04EC0-301F-11D3-BF4B-00C04F79EFBC}") = "DPM235479_NguyenVanThang_Tuan02_Decorator_Read_NhanVien_DP", "DPM235479_NguyenVanThang_Tuan02_Decorator_Read_NhanVien_DP\DPM235479_NguyenVanThang_Tuan02_Decorator_Read_NhanVien_DP.csproj", "{62695714-C5A5-469E-BDC7-7129E9DDF128}"
EndProject
Project("{FAE04EC0-301F-11D3-BF4B-00C04F79EFBC}") = "DPM235479_NguyenVanThang_Tuan02_Facade_DP", "DPM235479_NguyenVanThang_Tuan02_Facade_DP\DPM235479_NguyenVanThang_Tuan02_Facade_DP.csproj", "{62CA01D8-D1C1-4405-A93C-5400B0A36D51}"
EndProject
Project("{FAE04EC0-301F-11D3-BF4B-00C04F79EFBC}") = "DPM235479_NguyenVanThang_Tuan02_Facade_Read_NhanVien_DP", "DPM235479_NguyenVanThang_Tuan02_Facade_Read_NhanVien_DP\DPM235479_NguyenVanThang_Tuan02_Facade_Read_NhanVien_DP.csproj", "{320EA73D-1052-4B4C-916A-38BE95FA75BD}"
EndProject
Project("{FAE04EC0-301F-11D3-BF4B-00C04F79EFBC}") = "DPM235479_NguyenVanThang_Tuan02_Flyweight_DP", "DPM235479_NguyenVanThang_Tuan02_Flyweight_DP\DPM235479_NguyenVanThang_Tuan02_Flyweight_DP.csproj", "{C13CA03D-1E6B-4BD5-8575-DBD2420F87E2}"
EndProject
Project("{FAE04EC0-301F-11D3-BF4B-00C04F79EFBC}") = "DPM235479_NguyenVanThang_Tuan02_Flyweight_Read_NhanVien_DP", "DPM235479_NguyenVanThang_Tuan02_Flyweight_Read_NhanVien_DP\DPM235479_NguyenVanThang_Tuan02_Flyweight_Read_NhanVien_DP.csproj", "{994F5184-8444-46E0-A4C7-603D964D1E0D}"
EndProject
Project("{FAE04EC0-301F-11D3-BF4B-00C04F79EFBC}") = "DPM235479_NguyenVanThang_Tuan02_Proxy_DP", "DPM235479_NguyenVanThang_Tuan02_Proxy_DP\DPM235479_NguyenVanThang_Tuan02_Proxy_DP.csproj", "{06187965-BA56-49CB-8A11-FC6F8C9BFE55}"
EndProject
Project("{FAE04EC0-301F-11D3-BF4B-00C04F79EFBC}") = "DPM235479_NguyenVanThang_Tuan02_Proxy_Read_NhanVien_DP", "DPM235479_NguyenVanThang_Tuan02_Proxy_Read_NhanVien_DP\DPM235479_NguyenVanThang_Tuan02_Proxy_Read_NhanVien_DP.csproj", "{EA6AFB04-BDA6-45C7-98EF-EE5571336638}"
EndProject
Project("{FAE04EC0-301F-11D3-BF4B-00C04F79EFBC}") = "DPM235479_NguyenVanThang_Tuan02_ChainofResponsibility_DP", "DPM235479_NguyenVanThang_Tuan02_ChainofResponsibility_DP\DPM235479_NguyenVanThang_Tuan02_ChainofResponsibility_DP.csproj", "{79FF8E59-E714-46E3-AF99-A08922716E64}"
EndProject
Project("{FAE04EC0-301F-11D3-BF4B-00C04F79EFBC}") = "DPM235479_NguyenVanThang_Tuan02_Chain_Read_NV_DP", "DPM235479_NguyenVanThang_Tuan02_Chain_Read_NV_DP\DPM235479_NguyenVanThang_Tuan02_Chain_Read_NV_DP.csproj", "{0E061063-FEA6-4C9C-B999-A5285906BA74}"
EndProject
Project("{FAE04EC0-301F-11D3-BF4B-00C04F79EFBC}") = "DPM235479_NguyenVanThang_Tuan02_Command_DP", "DPM235479_NguyenVanThang_Tuan02_Command_DP\DPM235479_NguyenVanThang_Tuan02_Command_DP.csproj", "{0699DF7C-96CD-48B9-99A5-044506FF56AD}"
EndProject
Project("{FAE04EC0-301F-11D3-BF4B-00C04F79EFBC}") = "DPM235479_NguyenVanThang_Tuan02_Command_Read_NhanVien_DP", "DPM235479_NguyenVanThang_Tuan02_Command_Read_NhanVien_DP\DPM235479_NguyenVanThang_Tuan02_Command_Read_NhanVien_DP.csproj", "{4BEA0F9D-E4A8-42B7-A06E-EF98634B8404}"
EndProject
Project("{FAE04EC0-301F-11D3-BF4B-00C04F79EFBC}") = "DPM235479_NguyenVanThang_Tuan02_Iterator_DP", "DPM235479_NguyenVanThang_Tuan02_Iterator_DP\DPM235479_NguyenVanThang_Tuan02_Iterator_DP.csproj", "{323B0BC2-522C-4892-A880-CAD6E879A987}"
EndProject
Project("{FAE04EC0-301F-11D3-BF4B-00C04F79EFBC}") = "DPM235479_NguyenVanThang_Tuan02_Iterator_Read_NhanVien_DP", "DPM235479_NguyenVanThang_Tuan02_Iterator_Read_NhanVien_DP\DPM235479_NguyenVanThang_Tuan02_Iterator_Read_NhanVien_DP.csproj", "{262D2570-1BA8-486B-8CC0-656400A03CBF}"
EndProject
Project("{FAE04EC0-301F-11D3-BF4B-00C04F79EFBC}") = "DPM235479_NguyenVanThang_Tuan02_Mediator_DP", "DPM235479_NguyenVanThang_Tuan02_Mediator_DP\DPM235479_NguyenVanThang_Tuan02_Mediator_DP.csproj", "{B6581D0F-1C6D-4950-8F58-3F9D788DC6EA}"
EndProject
Project("{FAE04EC0-301F-11D3-BF4B-00C04F79EFBC}") = "DPM235479_NguyenVanThang_Tuan02_Mediator_Read_NhanVien_DP", "DPM235479_NguyenVanThang_Tuan02_Mediator_Read_NhanVien_DP\DPM235479_NguyenVanThang_Tuan02_Mediator_Read_NhanVien_DP.csproj", "{26C11B27-06E2-449C-9A73-B3ACB2390A89}"
EndProject
Project("{FAE04EC0-301F-11D3-BF4B-00C04F79EFBC}") = "DPM235479_NguyenVanThang_Tuan02_Memento_DP", "DPM235479_NguyenVanThang_Tuan02_Memento_DP\DPM235479_NguyenVanThang_Tuan02_Memento_DP.csproj", "{4B6D0C33-75DC-4EBF-A579-31B70A53C967}"
EndProject
Project("{FAE04EC0-301F-11D3-BF4B-00C04F79EFBC}") = "DPM235479_NguyenVanThang_Tuan02_Memento_Read_NhanVien_DP", "DPM235479_NguyenVanThang_Tuan02_Memento_Read_NhanVien_DP\DPM235479_NguyenVanThang_Tuan02_Memento_Read_NhanVien_DP.csproj", "{B88D7C96-B5F3-4DF3-AF13-849CC9C9E8C6}"
EndProject
Project("{FAE04EC0-301F-11D3-BF4B-00C04F79EFBC}") = "DPM235479_NguyenVanThang_Tuan02_Observer_DP", "DPM235479_NguyenVanThang_Tuan02_Observer_DP\DPM235479_NguyenVanThang_Tuan02_Observer_DP.csproj", "{D9B52075-24CC-44F5-BD5A-3D739BC6CC9C}"
EndProject
Project("{FAE04EC0-301F-11D3-BF4B-00C04F79EFBC}") = "DPM235479_NguyenVanThang_Tuan02_Observer_Read_NhanVien_DP", "DPM235479_NguyenVanThang_Tuan02_Observer_Read_NhanVien_DP\DPM235479_NguyenVanThang_Tuan02_Observer_Read_NhanVien_DP.csproj", "{8A65170A-B81D-4254-9E31-A0F601B1045F}"
EndProject
Project("{FAE04EC0-301F-11D3-BF4B-00C04F79EFBC}") = "DPM235479_NguyenVanThang_Tuan02_State_DP", "DPM235479_NguyenVanThang_Tuan02_State_DP\DPM235479_NguyenVanThang_Tuan02_State_DP.csproj", "{0344F51D-53AF-464D-ACFC-9239F3BD87AA}"
EndProject
Project("{FAE04EC0-301F-11D3-BF4B-00C04F79EFBC}") = "DPM235479_NguyenVanThang_Tuan02_State_Read_NhanVien_DP", "DPM235479_NguyenVanThang_Tuan02_State_Read_NhanVien_DP\DPM235479_NguyenVanThang_Tuan02_State_Read_NhanVien_DP.csproj", "{2A6B9497-BE0F-4117-8D70-DE7204E81588}"
EndProject
Project("{FAE04EC0-301F-11D3-BF4B-00C04F79EFBC}") = "DPM235479_NguyenVanThang_Tuan02_Strategy_DP", "DPM235479_NguyenVanThang_Tuan02_Strategy_DP\DPM235479_NguyenVanThang_Tuan02_Strategy_DP.csproj", "{AC186B48-E71A-43FC-B4A1-BDEEE10C781B}"
EndProject
Project("{FAE04EC0-301F-11D3-BF4B-00C04F79EFBC}") = "DPM235479_NguyenVanThang_Tuan02_Strategy_Read_NhanVien_DP", "DPM235479_NguyenVanThang_Tuan02_Strategy_Read_NhanVien_DP\DPM235479_NguyenVanThang_Tuan02_Strategy_Read_NhanVien_DP.csproj", "{4932E25A-5F58-4D68-B852-68C3FE216BCF}"
EndProject
Project("{FAE04EC0-301F-11D3-BF4B-00C04F79EFBC}") = "DPM235479_NguyenVanThang_Tuan02_Template_Method_DP", "DPM235479_NguyenVanThang_Tuan02_Template_Method_DP\DPM235479_NguyenVanThang_Tuan02_Template_Method_DP.csproj", "{9AFCC714-20C3-46C7-9750-08B16014D7C9}"
EndProject
Project("{FAE04EC0-301F-11D3-BF4B-00C04F79EFBC}") = "DPM235479_NguyenVanThang_Tuan02_Template_Method_Read_NhanVien_DP", "DPM235479_NguyenVanThang_Tuan02_Template_Method_Read_NhanVien_DP\DPM235479_NguyenVanThang_Tuan02_Template_Method_Read_NhanVien_DP.csproj", "{C9AD9368-1D18-4E6B-A1D6-CB45B4564745}"
EndProject
Project("{FAE04EC0-301F-11D3-BF4B-00C04F79EFBC}") = "DPM235479_NguyenVanThang_Tuan02_Visitor_DP", "DPM235479_NguyenVanThang_Tuan02_Visitor_DP\DPM235479_NguyenVanThang_Tuan02_Visitor_DP.csproj", "{2A252AA4-F29F-4568-82D2-4E462DF44359}"
EndProject
Project("{FAE04EC0-301F-11D3-BF4B-00C04F79EFBC}") = "DPM235479_NguyenVanThang_Tuan02_Visitor_Read_NhanVien_DP", "DPM235479_NguyenVanThang_Tuan02_Visitor_Read_NhanVien_DP\DPM235479_NguyenVanThang_Tuan02_Visitor_Read_NhanVien_DP.csproj", "{734445DA-52C6-48C3-B7EA-FA358D12444A}"
EndProject
Global
	GlobalSection(SolutionConfigurationPlatforms) = preSolution
		Debug|Any CPU = Debug|Any CPU
		Debug|x64 = Debug|x64
		Debug|x86 = Debug|x86
		Release|Any CPU = Release|Any CPU
		Release|x64 = Release|x64
		Release|x86 = Release|x86
	EndGlobalSection
	GlobalSection(ProjectConfigurationPlatforms) = postSolution
		{04249883-F230-4CA2-BAB0-9EAC5889D91D}.Debug|Any CPU.ActiveCfg = Debug|Any CPU
		{04249883-F230-4CA2-BAB0-9EAC5889D91D}.Debug|Any CPU.Build.0 = Debug|Any CPU
		{04249883-F230-4CA2-BAB0-9EAC5889D91D}.Debug|x64.ActiveCfg = Debug|Any CPU
		{04249883-F230-4CA2-BAB0-9EAC5889D91D}.Debug|x64.Build.0 = Debug|Any CPU
		{04249883-F230-4CA2-BAB0-9EAC5889D91D}.Debug|x86.ActiveCfg = Debug|Any CPU
		{04249883-F230-4CA2-BAB0-9EAC5889D91D}.Debug|x86.Build.0 = Debug|Any CPU
		{04249883-F230-4CA2-BAB0-9EAC5889D91D}.Release|Any CPU.ActiveCfg = Release|Any CPU
		{04249883-F230-4CA2-BAB0-9EAC5889D91D}.Release|Any CPU.Build.0 = Release|Any CPU
		{04249883-F230-4CA2-BAB0-9EAC5889D91D}.Release|x64.ActiveCfg = Release|Any CPU
		{04249883-F230-4CA2-BAB0-9EAC5889D91D}.Release|x64.Build.0 = Release|Any CPU
		{04249883-F230-4CA2-BAB0-9EAC5889D91D}.Release|x86.ActiveCfg = Release|Any CPU
		{04249883-F230-4CA2-BAB0-9EAC5889D91D}.Release|x86.Build.0 = Release|Any CPU
		{A1B2C3D4-E5F6-7890-ABCD-EF1234567890}.Debug|Any CPU.ActiveCfg = Debug|Any CPU
		{A1B2C3D4-E5F6-7890-ABCD-EF1234567890}.Debug|Any CPU.Build.0 = Debug|Any CPU
		{A1B2C3D4-E5F6-7890-ABCD-EF1234567890}.Debug|x64.ActiveCfg = Debug|Any CPU
		{A1B2C3D4-E5F6-7890-ABCD-EF1234567890}.Debug|x64.Build.0 = Debug|Any CPU
		{A1B2C3D4-E5F6-7890-ABCD-EF1234567890}.Debug|x86.ActiveCfg = Debug|Any CPU
		{A1B2C3D4-E5F6-7890-ABCD-EF1234567890}.Debug|x86.Build.0 = Debug|Any CPU
		{A1B2C3D4-E5F6-7890-ABCD-EF1234567890}.Release|Any CPU.ActiveCfg = Release|Any CPU
		{A1B2C3D4-E5F6-7890-ABCD-EF1234567890}.Release|Any CPU.Build.0 = Release|Any CPU
		{A1B2C3D4-E5F6-7890-ABCD-EF1234567890}.Release|x64.ActiveCfg = Release|Any CPU
		{A1B2C3D4-E5F6-7890-ABCD-EF1234567890}.Release|x64.Build.0 = Release|Any CPU
		{A1B2C3D4-E5F6-7890-ABCD-EF1234567890}.Release|x86.ActiveCfg = Release|Any CPU
		{A1B2C3D4-E5F6-7890-ABCD-EF1234567890}.Release|x86.Build.0 = Release|Any CPU
		{C31BF0D5-C42A-47C0-9AF1-9CFDCC677BB2}.Debug|Any CPU.ActiveCfg = Debug|Any CPU
		{C31BF0D5-C42A-47C0-9AF1-9CFDCC677BB2}.Debug|Any CPU.Build.0 = Debug|Any CPU
		{C31BF0D5-C42A-47C0-9AF1-9CFDCC677BB2}.Debug|x64.ActiveCfg = Debug|Any CPU
		{C31BF0D5-C42A-47C0-9AF1-9CFDCC677BB2}.Debug|x64.Build.0 = Debug|Any CPU
		{C31BF0D5-C42A-47C0-9AF1-9CFDCC677BB2}.Debug|x86.ActiveCfg = Debug|Any CPU
		{C31BF0D5-C42A-47C0-9AF1-9CFDCC677BB2}.Debug|x86.Build.0 = Debug|Any CPU
		{C31BF0D5-C42A-47C0-9AF1-9CFDCC677BB2}.Release|Any CPU.ActiveCfg = Release|Any CPU
		{C31BF0D5-C42A-47C0-9AF1-9CFDCC677BB2}.Release|Any CPU.Build.0 = Release|Any CPU
		{C31BF0D5-C42A-47C0-9AF1-9CFDCC677BB2}.Release|x64.ActiveCfg = Release|Any CPU
		{C31BF0D5-C42A-47C0-9AF1-9CFDCC677BB2}.Release|x64.Build.0 = Release|Any CPU
		{C31BF0D5-C42A-47C0-9AF1-9CFDCC677BB2}.Release|x86.ActiveCfg = Release|Any CPU
		{C31BF0D5-C42A-47C0-9AF1-9CFDCC677BB2}.Release|x86.Build.0 = Release|Any CPU
		{EAE8880C-2987-4DE3-AB01-B3280FF0E952}.Debug|Any CPU.ActiveCfg = Debug|Any CPU
		{EAE8880C-2987-4DE3-AB01-B3280FF0E952}.Debug|Any CPU.Build.0 = Debug|Any CPU
		{EAE8880C-2987-4DE3-AB01-B3280FF0E952}.Debug|x64.ActiveCfg = Debug|Any CPU
		{EAE8880C-2987-4DE3-AB01-B3280FF0E952}.Debug|x64.Build.0 = Debug|Any CPU
		{EAE8880C-2987-4DE3-AB01-B3280FF0E952}.Debug|x86.ActiveCfg = Debug|Any CPU
		{EAE8880C-2987-4DE3-AB01-B3280FF0E952}.Debug|x86.Build.0 = Debug|Any CPU
		{EAE8880C-2987-4DE3-AB01-B3280FF0E952}.Release|Any CPU.ActiveCfg = Release|Any CPU
		{EAE8880C-2987-4DE3-AB01-B3280FF0E952}.Release|Any CPU.Build.0 = Release|Any CPU
		{EAE8880C-2987-4DE3-AB01-B3280FF0E952}.Release|x64.ActiveCfg = Release|Any CPU
		{EAE8880C-2987-4DE3-AB01-B3280FF0E952}.Release|x64.Build.0 = Release|Any CPU
		{EAE8880C-2987-4DE3-AB01-B3280FF0E952}.Release|x86.ActiveCfg = Release|Any CPU
		{EAE8880C-2987-4DE3-AB01-B3280FF0E952}.Release|x86.Build.0 = Release|Any CPU
		{FF38D6FD-6BFF-48F1-975C-8495E18BD735}.Debug|Any CPU.ActiveCfg = Debug|Any CPU
		{FF38D6FD-6BFF-48F1-975C-8495E18BD735}.Debug|Any CPU.Build.0 = Debug|Any CPU
		{FF38D6FD-6BFF-48F1-975C-8495E18BD735}.Debug|x64.ActiveCfg = Debug|Any CPU
		{FF38D6FD-6BFF-48F1-975C-8495E18BD735}.Debug|x64.Build.0 = Debug|Any CPU
		{FF38D6FD-6BFF-48F1-975C-8495E18BD735}.Debug|x86.ActiveCfg = Debug|Any CPU
		{FF38D6FD-6BFF-48F1-975C-8495E18BD735}.Debug|x86.Build.0 = Debug|Any CPU
		{FF38D6FD-6BFF-48F1-975C-8495E18BD735}.Release|Any CPU.ActiveCfg = Release|Any CPU
		{FF38D6FD-6BFF-48F1-975C-8495E18BD735}.Release|Any CPU.Build.0 = Release|Any CPU
		{FF38D6FD-6BFF-48F1-975C-8495E18BD735}.Release|x64.ActiveCfg = Release|Any CPU
		{FF38D6FD-6BFF-48F1-975C-8495E18BD735}.Release|x64.Build.0 = Release|Any CPU
		{FF38D6FD-6BFF-48F1-975C-8495E18BD735}.Release|x86.ActiveCfg = Release|Any CPU
		{FF38D6FD-6BFF-48F1-975C-8495E18BD735}.Release|x86.Build.0 = Release|Any CPU
		{27022623-E28F-4FC2-8498-FBD1CA6A8644}.Debug|Any CPU.ActiveCfg = Debug|Any CPU
		{27022623-E28F-4FC2-8498-FBD1CA6A8644}.Debug|Any CPU.Build.0 = Debug|Any CPU
		{27022623-E28F-4FC2-8498-FBD1CA6A8644}.Debug|x64.ActiveCfg = Debug|Any CPU
		{27022623-E28F-4FC2-8498-FBD1CA6A8644}.Debug|x64.Build.0 = Debug|Any CPU
		{27022623-E28F-4FC2-8498-FBD1CA6A8644}.Debug|x86.ActiveCfg = Debug|Any CPU
		{27022623-E28F-4FC2-8498-FBD1CA6A8644}.Debug|x86.Build.0 = Debug|Any CPU
		{27022623-E28F-4FC2-8498-FBD1CA6A8644}.Release|Any CPU.ActiveCfg = Release|Any CPU
		{27022623-E28F-4FC2-8498-FBD1CA6A8644}.Release|Any CPU.Build.0 = Release|Any CPU
		{27022623-E28F-4FC2-8498-FBD1CA6A8644}.Release|x64.ActiveCfg = Release|Any CPU
		{27022623-E28F-4FC2-8498-FBD1CA6A8644}.Release|x64.Build.0 = Release|Any CPU
		{27022623-E28F-4FC2-8498-FBD1CA6A8644}.Release|x86.ActiveCfg = Release|Any CPU
		{27022623-E28F-4FC2-8498-FBD1CA6A8644}.Release|x86.Build.0 = Release|Any CPU
		{3F9A3102-1A27-409A-A479-213FE0A40AB5}.Debug|Any CPU.ActiveCfg = Debug|Any CPU
		{3F9A3102-1A27-409A-A479-213FE0A40AB5}.Debug|Any CPU.Build.0 = Debug|Any CPU
		{3F9A3102-1A27-409A-A479-213FE0A40AB5}.Debug|x64.ActiveCfg = Debug|Any CPU
		{3F9A3102-1A27-409A-A479-213FE0A40AB5}.Debug|x64.Build.0 = Debug|Any CPU
		{3F9A3102-1A27-409A-A479-213FE0A40AB5}.Debug|x86.ActiveCfg = Debug|Any CPU
		{3F9A3102-1A27-409A-A479-213FE0A40AB5}.Debug|x86.Build.0 = Debug|Any CPU
		{3F9A3102-1A27-409A-A479-213FE0A40AB5}.Release|Any CPU.ActiveCfg = Release|Any CPU
		{3F9A3102-1A27-409A-A479-213FE0A40AB5}.Release|Any CPU.Build.0 = Release|Any CPU
		{3F9A3102-1A27-409A-A479-213FE0A40AB5}.Release|x64.ActiveCfg = Release|Any CPU
		{3F9A3102-1A27-409A-A479-213FE0A40AB5}.Release|x64.Build.0 = Release|Any CPU
		{3F9A3102-1A27-409A-A479-213FE0A40AB5}.Release|x86.ActiveCfg = Release|Any CPU
		{3F9A3102-1A27-409A-A479-213FE0A40AB5}.Release|x86.Build.0 = Release|Any CPU
		{62695714-C5A5-469E-BDC7-7129E9DDF128}.Debug|Any CPU.ActiveCfg = Debug|Any CPU
		{62695714-C5A5-469E-BDC7-7129E9DDF128}.Debug|Any CPU.Build.0 = Debug|Any CPU
		{62695714-C5A5-469E-BDC7-7129E9DDF128}.Debug|x64.ActiveCfg = Debug|Any CPU
		{62695714-C5A5-469E-BDC7-7129E9DDF128}.Debug|x64.Build.0 = Debug|Any CPU
		{62695714-C5A5-469E-BDC7-7129E9DDF128}.Debug|x86.ActiveCfg = Debug|Any CPU
		{62695714-C5A5-469E-BDC7-7129E9DDF128}.Debug|x86.Build.0 = Debug|Any CPU
		{62695714-C5A5-469E-BDC7-7129E9DDF128}.Release|Any CPU.ActiveCfg = Release|Any CPU
		{62695714-C5A5-469E-BDC7-7129E9DDF128}.Release|Any CPU.Build.0 = Release|Any CPU
		{62695714-C5A5-469E-BDC7-7129E9DDF128}.Release|x64.ActiveCfg = Release|Any CPU
		{62695714-C5A5-469E-BDC7-7129E9DDF128}.Release|x64.Build.0 = Release|Any CPU
		{62695714-C5A5-469E-BDC7-7129E9DDF128}.Release|x86.ActiveCfg = Release|Any CPU
		{62695714-C5A5-469E-BDC7-7129E9DDF128}.Release|x86.Build.0 = Release|Any CPU
		{62CA01D8-D1C1-4405-A93C-5400B0A36D51}.Debug|Any CPU.ActiveCfg = Debug|Any CPU
		{62CA01D8-D1C1-4405-A93C-5400B0A36D51}.Debug|Any CPU.Build.0 = Debug|Any CPU
		{62CA01D8-D1C1-4405-A93C-5400B0A36D51}.Debug|x64.ActiveCfg = Debug|Any CPU
		{62CA01D8-D1C1-4405-A93C-5400B0A36D51}.Debug|x64.Build.0 = Debug|Any CPU
		{62CA01D8-D1C1-4405-A93C-5400B0A36D51}.Debug|x86.ActiveCfg = Debug|Any CPU
		{62CA01D8-D1C1-4405-A93C-5400B0A36D51}.Debug|x86.Build.0 = Debug|Any CPU
		{62CA01D8-D1C1-4405-A93C-5400B0A36D51}.Release|Any CPU.ActiveCfg = Release|Any CPU
		{62CA01D8-D1C1-4405-A93C-5400B0A36D51}.Release|Any CPU.Build.0 = Release|Any CPU
		{62CA01D8-D1C1-4405-A93C-5400B0A36D51}.Release|x64.ActiveCfg = Release|Any CPU
		{62CA01D8-D1C1-4405-A93C-5400B0A36D51}.Release|x64.Build.0 = Release|Any CPU
		{62CA01D8-D1C1-4405-A93C-5400B0A36D51}.Release|x86.ActiveCfg = Release|Any CPU
		{62CA01D8-D1C1-4405-A93C-5400B0A36D51}.Release|x86.Build.0 = Release|Any CPU
		{320EA73D-1052-4B4C-916A-38BE95FA75BD}.Debug|Any CPU.ActiveCfg = Debug|Any CPU
		{320EA73D-1052-4B4C-916A-38BE95FA75BD}.Debug|Any CPU.Build.0 = Debug|Any CPU
		{320EA73D-1052-4B4C-916A-38BE95FA75BD}.Debug|x64.ActiveCfg = Debug|Any CPU
		{320EA73D-1052-4B4C-916A-38BE95FA75BD}.Debug|x64.Build.0 = Debug|Any CPU
		{320EA73D-1052-4B4C-916A-38BE95FA75BD}.Debug|x86.ActiveCfg = Debug|Any CPU
		{320EA73D-1052-4B4C-916A-38BE95FA75BD}.Debug|x86.Build.0 = Debug|Any CPU
		{320EA73D-1052-4B4C-916A-38BE95FA75BD}.Release|Any CPU.ActiveCfg = Release|Any CPU
		{320EA73D-1052-4B4C-916A-38BE95FA75BD}.Release|Any CPU.Build.0 = Release|Any CPU
		{320EA73D-1052-4B4C-916A-38BE95FA75BD}.Release|x64.ActiveCfg = Release|Any CPU
		{320EA73D-1052-4B4C-916A-38BE95FA75BD}.Release|x64.Build.0 = Release|Any CPU
		{320EA73D-1052-4B4C-916A-38BE95FA75BD}.Release|x86.ActiveCfg = Release|Any CPU
		{320EA73D-1052-4B4C-916A-38BE95FA75BD}.Release|x86.Build.0 = Release|Any CPU
		{C13CA03D-1E6B-4BD5-8575-DBD2420F87E2}.Debug|Any CPU.ActiveCfg = Debug|Any CPU
		{C13CA03D-1E6B-4BD5-8575-DBD2420F87E2}.Debug|Any CPU.Build.0 = Debug|Any CPU
		{C13CA03D-1E6B-4BD5-8575-DBD2420F87E2}.Debug|x64.ActiveCfg = Debug|Any CPU
		{C13CA03D-1E6B-4BD5-8575-DBD2420F87E2}.Debug|x64.Build.0 = Debug|Any CPU
		{C13CA03D-1E6B-4BD5-8575-DBD2420F87E2}.Debug|x86.ActiveCfg = Debug|Any CPU
		{C13CA03D-1E6B-4BD5-8575-DBD2420F87E2}.Debug|x86.Build.0 = Debug|Any CPU
		{C13CA03D-1E6B-4BD5-8575-DBD2420F87E2}.Release|Any CPU.ActiveCfg = Release|Any CPU
		{C13CA03D-1E6B-4BD5-8575-DBD2420F87E2}.Release|Any CPU.Build.0 = Release|Any CPU
		{C13CA03D-1E6B-4BD5-8575-DBD2420F87E2}.Release|x64.ActiveCfg = Release|Any CPU
		{C13CA03D-1E6B-4BD5-8575-DBD2420F87E2}.Release|x64.Build.0 = Release|Any CPU
		{C13CA03D-1E6B-4BD5-8575-DBD2420F87E2}.Release|x86.ActiveCfg = Release|Any CPU
		{C13CA03D-1E6B-4BD5-8575-DBD2420F87E2}.Release|x86.Build.0 = Release|Any CPU
		{994F5184-8444-46E0-A4C7-603D964D1E0D}.Debug|Any CPU.ActiveCfg = Debug|Any CPU
		{994F5184-8444-46E0-A4C7-603D964D1E0D}.Debug|Any CPU.Build.0 = Debug|Any CPU
		{994F5184-8444-46E0-A4C7-603D964D1E0D}.Debug|x64.ActiveCfg = Debug|Any CPU
		{994F5184-8444-46E0-A4C7-603D964D1E0D}.Debug|x64.Build.0 = Debug|Any CPU
		{994F5184-8444-46E0-A4C7-603D964D1E0D}.Debug|x86.ActiveCfg = Debug|Any CPU
		{994F5184-8444-46E0-A4C7-603D964D1E0D}.Debug|x86.Build.0 = Debug|Any CPU
		{994F5184-8444-46E0-A4C7-603D964D1E0D}.Release|Any CPU.ActiveCfg = Release|Any CPU
		{994F5184-8444-46E0-A4C7-603D964D1E0D}.Release|Any CPU.Build.0 = Release|Any CPU
		{994F5184-8444-46E0-A4C7-603D964D1E0D}.Release|x64.ActiveCfg = Release|Any CPU
		{994F5184-8444-46E0-A4C7-603D964D1E0D}.Release|x64.Build.0 = Release|Any CPU
		{994F5184-8444-46E0-A4C7-603D964D1E0D}.Release|x86.ActiveCfg = Release|Any CPU
		{994F5184-8444-46E0-A4C7-603D964D1E0D}.Release|x86.Build.0 = Release|Any CPU
		{06187965-BA56-49CB-8A11-FC6F8C9BFE55}.Debug|Any CPU.ActiveCfg = Debug|Any CPU
		{06187965-BA56-49CB-8A11-FC6F8C9BFE55}.Debug|Any CPU.Build.0 = Debug|Any CPU
		{06187965-BA56-49CB-8A11-FC6F8C9BFE55}.Debug|x64.ActiveCfg = Debug|Any CPU
		{06187965-BA56-49CB-8A11-FC6F8C9BFE55}.Debug|x64.Build.0 = Debug|Any CPU
		{06187965-BA56-49CB-8A11-FC6F8C9BFE55}.Debug|x86.ActiveCfg = Debug|Any CPU
		{06187965-BA56-49CB-8A11-FC6F8C9BFE55}.Debug|x86.Build.0 = Debug|Any CPU
		{06187965-BA56-49CB-8A11-FC6F8C9BFE55}.Release|Any CPU.ActiveCfg = Release|Any CPU
		{06187965-BA56-49CB-8A11-FC6F8C9BFE55}.Release|Any CPU.Build.0 = Release|Any CPU
		{06187965-BA56-49CB-8A11-FC6F8C9BFE55}.Release|x64.ActiveCfg = Release|Any CPU
		{06187965-BA56-49CB-8A11-FC6F8C9BFE55}.Release|x64.Build.0 = Release|Any CPU
		{06187965-BA56-49CB-8A11-FC6F8C9BFE55}.Release|x86.ActiveCfg = Release|Any CPU
		{06187965-BA56-49CB-8A11-FC6F8C9BFE55}.Release|x86.Build.0 = Release|Any CPU
		{EA6AFB04-BDA6-45C7-98EF-EE5571336638}.Debug|Any CPU.ActiveCfg = Debug|Any CPU
		{EA6AFB04-BDA6-45C7-98EF-EE5571336638}.Debug|Any CPU.Build.0 = Debug|Any CPU
		{EA6AFB04-BDA6-45C7-98EF-EE5571336638}.Debug|x64.ActiveCfg = Debug|Any CPU
		{EA6AFB04-BDA6-45C7-98EF-EE5571336638}.Debug|x64.Build.0 = Debug|Any CPU
		{EA6AFB04-BDA6-45C7-98EF-EE5571336638}.Debug|x86.ActiveCfg = Debug|Any CPU
		{EA6AFB04-BDA6-45C7-98EF-EE5571336638}.Debug|x86.Build.0 = Debug|Any CPU
		{EA6AFB04-BDA6-45C7-98EF-EE5571336638}.Release|Any CPU.ActiveCfg = Release|Any CPU
		{EA6AFB04-BDA6-45C7-98EF-EE5571336638}.Release|Any CPU.Build.0 = Release|Any CPU
		{EA6AFB04-BDA6-45C7-98EF-EE5571336638}.Release|x64.ActiveCfg = Release|Any CPU
		{EA6AFB04-BDA6-45C7-98EF-EE5571336638}.Release|x64.Build.0 = Release|Any CPU
		{EA6AFB04-BDA6-45C7-98EF-EE5571336638}.Release|x86.ActiveCfg = Release|Any CPU
		{EA6AFB04-BDA6-45C7-98EF-EE5571336638}.Release|x86.Build.0 = Release|Any CPU
		{79FF8E59-E714-46E3-AF99-A08922716E64}.Debug|Any CPU.ActiveCfg = Debug|Any CPU
		{79FF8E59-E714-46E3-AF99-A08922716E64}.Debug|Any CPU.Build.0 = Debug|Any CPU
		{79FF8E59-E714-46E3-AF99-A08922716E64}.Debug|x64.ActiveCfg = Debug|Any CPU
		{79FF8E59-E714-46E3-AF99-A08922716E64}.Debug|x64.Build.0 = Debug|Any CPU
		{79FF8E59-E714-46E3-AF99-A08922716E64}.Debug|x86.ActiveCfg = Debug|Any CPU
		{79FF8E59-E714-46E3-AF99-A08922716E64}.Debug|x86.Build.0 = Debug|Any CPU
		{79FF8E59-E714-46E3-AF99-A08922716E64}.Release|Any CPU.ActiveCfg = Release|Any CPU
		{79FF8E59-E714-46E3-AF99-A08922716E64}.Release|Any CPU.Build.0 = Release|Any CPU
		{79FF8E59-E714-46E3-AF99-A08922716E64}.Release|x64.ActiveCfg = Release|Any CPU
		{79FF8E59-E714-46E3-AF99-A08922716E64}.Release|x64.Build.0 = Release|Any CPU
		{79FF8E59-E714-46E3-AF99-A08922716E64}.Release|x86.ActiveCfg = Release|Any CPU
		{79FF8E59-E714-46E3-AF99-A08922716E64}.Release|x86.Build.0 = Release|Any CPU
		{0E061063-FEA6-4C9C-B999-A5285906BA74}.Debug|Any CPU.ActiveCfg = Debug|Any CPU
		{0E061063-FEA6-4C9C-B999-A5285906BA74}.Debug|Any CPU.Build.0 = Debug|Any CPU
		{0E061063-FEA6-4C9C-B999-A5285906BA74}.Debug|x64.ActiveCfg = Debug|Any CPU
		{0E061063-FEA6-4C9C-B999-A5285906BA74}.Debug|x64.Build.0 = Debug|Any CPU
		{0E061063-FEA6-4C9C-B999-A5285906BA74}.Debug|x86.ActiveCfg = Debug|Any CPU
		{0E061063-FEA6-4C9C-B999-A5285906BA74}.Debug|x86.Build.0 = Debug|Any CPU
		{0E061063-FEA6-4C9C-B999-A5285906BA74}.Release|Any CPU.ActiveCfg = Release|Any CPU
		{0E061063-FEA6-4C9C-B999-A5285906BA74}.Release|Any CPU.Build.0 = Release|Any CPU
		{0E061063-FEA6-4C9C-B999-A5285906BA74}.Release|x64.ActiveCfg = Release|Any CPU
		{0E061063-FEA6-4C9C-B999-A5285906BA74}.Release|x64.Build.0 = Release|Any CPU
		{0E061063-FEA6-4C9C-B999-A5285906BA74}.Release|x86.ActiveCfg = Release|Any CPU
		{0E061063-FEA6-4C9C-B999-A5285906BA74}.Release|x86.Build.0 = Release|Any CPU
		{0699DF7C-96CD-48B9-99A5-044506FF56AD}.Debug|Any CPU.ActiveCfg = Debug|Any CPU
		{0699DF7C-96CD-48B9-99A5-044506FF56AD}.Debug|Any CPU.Build.0 = Debug|Any CPU
		{0699DF7C-96CD-48B9-99A5-044506FF56AD}.Debug|x64.ActiveCfg = Debug|Any CPU
		{0699DF7C-96CD-48B9-99A5-044506FF56AD}.Debug|x64.Build.0 = Debug|Any CPU
		{0699DF7C-96CD-48B9-99A5-044506FF56AD}.Debug|x86.ActiveCfg = Debug|Any CPU
		{0699DF7C-96CD-48B9-99A5-044506FF56AD}.Debug|x86.Build.0 = Debug|Any CPU
		{0699DF7C-96CD-48B9-99A5-044506FF56AD}.Release|Any CPU.ActiveCfg = Release|Any CPU
		{0699DF7C-96CD-48B9-99A5-044506FF56AD}.Release|Any CPU.Build.0 = Release|Any CPU
		{0699DF7C-96CD-48B9-99A5-044506FF56AD}.Release|x64.ActiveCfg = Release|Any CPU
		{0699DF7C-96CD-48B9-99A5-044506FF56AD}.Release|x64.Build.0 = Release|Any CPU
		{0699DF7C-96CD-48B9-99A5-044506FF56AD}.Release|x86.ActiveCfg = Release|Any CPU
		{0699DF7C-96CD-48B9-99A5-044506FF56AD}.Release|x86.Build.0 = Release|Any CPU
		{4BEA0F9D-E4A8-42B7-A06E-EF98634B8404}.Debug|Any CPU.ActiveCfg = Debug|Any CPU
		{4BEA0F9D-E4A8-42B7-A06E-EF98634B8404}.Debug|Any CPU.Build.0 = Debug|Any CPU
		{4BEA0F9D-E4A8-42B7-A06E-EF98634B8404}.Debug|x64.ActiveCfg = Debug|Any CPU
		{4BEA0F9D-E4A8-42B7-A06E-EF98634B8404}.Debug|x64.Build.0 = Debug|Any CPU
		{4BEA0F9D-E4A8-42B7-A06E-EF98634B8404}.Debug|x86.ActiveCfg = Debug|Any CPU
		{4BEA0F9D-E4A8-42B7-A06E-EF98634B8404}.Debug|x86.Build.0 = Debug|Any CPU
		{4BEA0F9D-E4A8-42B7-A06E-EF98634B8404}.Release|Any CPU.ActiveCfg = Release|Any CPU
		{4BEA0F9D-E4A8-42B7-A06E-EF98634B8404}.Release|Any CPU.Build.0 = Release|Any CPU
		{4BEA0F9D-E4A8-42B7-A06E-EF98634B8404}.Release|x64.ActiveCfg = Release|Any CPU
		{4BEA0F9D-E4A8-42B7-A06E-EF98634B8404}.Release|x64.Build.0 = Release|Any CPU
		{4BEA0F9D-E4A8-42B7-A06E-EF98634B8404}.Release|x86.ActiveCfg = Release|Any CPU
		{4BEA0F9D-E4A8-42B7-A06E-EF98634B8404}.Release|x86.Build.0 = Release|Any CPU
		{323B0BC2-522C-4892-A880-CAD6E879A987}.Debug|Any CPU.ActiveCfg = Debug|Any CPU
		{323B0BC2-522C-4892-A880-CAD6E879A987}.Debug|Any CPU.Build.0 = Debug|Any CPU
		{323B0BC2-522C-4892-A880-CAD6E879A987}.Debug|x64.ActiveCfg = Debug|Any CPU
		{323B0BC2-522C-4892-A880-CAD6E879A987}.Debug|x64.Build.0 = Debug|Any CPU
		{323B0BC2-522C-4892-A880-CAD6E879A987}.Debug|x86.ActiveCfg = Debug|Any CPU
		{323B0BC2-522C-4892-A880-CAD6E879A987}.Debug|x86.Build.0 = Debug|Any CPU
		{323B0BC2-522C-4892-A880-CAD6E879A987}.Release|Any CPU.ActiveCfg = Release|Any CPU
		{323B0BC2-522C-4892-A880-CAD6E879A987}.Release|Any CPU.Build.0 = Release|Any CPU
		{323B0BC2-522C-4892-A880-CAD6E879A987}.Release|x64.ActiveCfg = Release|Any CPU
		{323B0BC2-522C-4892-A880-CAD6E879A987}.Release|x64.Build.0 = Release|Any CPU
		{323B0BC2-522C-4892-A880-CAD6E879A987}.Release|x86.ActiveCfg = Release|Any CPU
		{323B0BC2-522C-4892-A880-CAD6E879A987}.Release|x86.Build.0 = Release|Any CPU
		{262D2570-1BA8-486B-8CC0-656400A03CBF}.Debug|Any CPU.ActiveCfg = Debug|Any CPU
		{262D2570-1BA8-486B-8CC0-656400A03CBF}.Debug|Any CPU.Build.0 = Debug|Any CPU
		{262D2570-1BA8-486B-8CC0-656400A03CBF}.Debug|x64.ActiveCfg = Debug|Any CPU
		{262D2570-1BA8-486B-8CC0-656400A03CBF}.Debug|x64.Build.0 = Debug|Any CPU
		{262D2570-1BA8-486B-8CC0-656400A03CBF}.Debug|x86.ActiveCfg = Debug|Any CPU
		{262D2570-1BA8-486B-8CC0-656400A03CBF}.Debug|x86.Build.0 = Debug|Any CPU
		{262D2570-1BA8-486B-8CC0-656400A03CBF}.Release|Any CPU.ActiveCfg = Release|Any CPU
		{262D2570-1BA8-486B-8CC0-656400A03CBF}.Release|Any CPU.Build.0 = Release|Any CPU
		{262D2570-1BA8-486B-8CC0-656400A03CBF}.Release|x64.ActiveCfg = Release|Any CPU
		{262D2570-1BA8-486B-8CC0-656400A03CBF}.Release|x64.Build.0 = Release|Any CPU
		{262D2570-1BA8-486B-8CC0-656400A03CBF}.Release|x86.ActiveCfg = Release|Any CPU
		{262D2570-1BA8-486B-8CC0-656400A03CBF}.Release|x86.Build.0 = Release|Any CPU
		{B6581D0F-1C6D-4950-8F58-3F9D788DC6EA}.Debug|Any CPU.ActiveCfg = Debug|Any CPU
		{B6581D0F-1C6D-4950-8F58-3F9D788DC6EA}.Debug|Any CPU.Build.0 = Debug|Any CPU
		{B6581D0F-1C6D-4950-8F58-3F9D788DC6EA}.Debug|x64.ActiveCfg = Debug|Any CPU
		{B6581D0F-1C6D-4950-8F58-3F9D788DC6EA}.Debug|x64.Build.0 = Debug|Any CPU
		{B6581D0F-1C6D-4950-8F58-3F9D788DC6EA}.Debug|x86.ActiveCfg = Debug|Any CPU
		{B6581D0F-1C6D-4950-8F58-3F9D788DC6EA}.Debug|x86.Build.0 = Debug|Any CPU
		{B6581D0F-1C6D-4950-8F58-3F9D788DC6EA}.Release|Any CPU.ActiveCfg = Release|Any CPU
		{B6581D0F-1C6D-4950-8F58-3F9D788DC6EA}.Release|Any CPU.Build.0 = Release|Any CPU
		{B6581D0F-1C6D-4950-8F58-3F9D788DC6EA}.Release|x64.ActiveCfg = Release|Any CPU
		{B6581D0F-1C6D-4950-8F58-3F9D788DC6EA}.Release|x64.Build.0 = Release|Any CPU
		{B6581D0F-1C6D-4950-8F58-3F9D788DC6EA}.Release|x86.ActiveCfg = Release|Any CPU
		{B6581D0F-1C6D-4950-8F58-3F9D788DC6EA}.Release|x86.Build.0 = Release|Any CPU
		{26C11B27-06E2-449C-9A73-B3ACB2390A89}.Debug|Any CPU.ActiveCfg = Debug|Any CPU
		{26C11B27-06E2-449C-9A73-B3ACB2390A89}.Debug|Any CPU.Build.0 = Debug|Any CPU
		{26C11B27-06E2-449C-9A73-B3ACB2390A89}.Debug|x64.ActiveCfg = Debug|Any CPU
		{26C11B27-06E2-449C-9A73-B3ACB2390A89}.Debug|x64.Build.0 = Debug|Any CPU
		{26C11B27-06E2-449C-9A73-B3ACB2390A89}.Debug|x86.ActiveCfg = Debug|Any CPU
		{26C11B27-06E2-449C-9A73-B3ACB2390A89}.Debug|x86.Build.0 = Debug|Any CPU
		{26C11B27-06E2-449C-9A73-B3ACB2390A89}.Release|Any CPU.ActiveCfg = Release|Any CPU
		{26C11B27-06E2-449C-9A73-B3ACB2390A89}.Release|Any CPU.Build.0 = Release|Any CPU
		{26C11B27-06E2-449C-9A73-B3ACB2390A89}.Release|x64.ActiveCfg = Release|Any CPU
		{26C11B27-06E2-449C-9A73-B3ACB2390A89}.Release|x64.Build.0 = Release|Any CPU
		{26C11B27-06E2-449C-9A73-B3ACB2390A89}.Release|x86.ActiveCfg = Release|Any CPU
		{26C11B27-06E2-449C-9A73-B3ACB2390A89}.Release|x86.Build.0 = Release|Any CPU
		{4B6D0C33-75DC-4EBF-A579-31B70A53C967}.Debug|Any CPU.ActiveCfg = Debug|Any CPU
		{4B6D0C33-75DC-4EBF-A579-31B70A53C967}.Debug|Any CPU.Build.0 = Debug|Any CPU
		{4B6D0C33-75DC-4EBF-A579-31B70A53C967}.Debug|x64.ActiveCfg = Debug|Any CPU
		{4B6D0C33-75DC-4EBF-A579-31B70A53C967}.Debug|x64.Build.0 = Debug|Any CPU
		{4B6D0C33-75DC-4EBF-A579-31B70A53C967}.Debug|x86.ActiveCfg = Debug|Any CPU
		{4B6D0C33-75DC-4EBF-A579-31B70A53C967}.Debug|x86.Build.0 = Debug|Any CPU
		{4B6D0C33-75DC-4EBF-A579-31B70A53C967}.Release|Any CPU.ActiveCfg = Release|Any CPU
		{4B6D0C33-75DC-4EBF-A579-31B70A53C967}.Release|Any CPU.Build.0 = Release|Any CPU
		{4B6D0C33-75DC-4EBF-A579-31B70A53C967}.Release|x64.ActiveCfg = Release|Any CPU
		{4B6D0C33-75DC-4EBF-A579-31B70A53C967}.Release|x64.Build.0 = Release|Any CPU
		{4B6D0C33-75DC-4EBF-A579-31B70A53C967}.Release|x86.ActiveCfg = Release|Any CPU
		{4B6D0C33-75DC-4EBF-A579-31B70A53C967}.Release|x86.Build.0 = Release|Any CPU
		{B88D7C96-B5F3-4DF3-AF13-849CC9C9E8C6}.Debug|Any CPU.ActiveCfg = Debug|Any CPU
		{B88D7C96-B5F3-4DF3-AF13-849CC9C9E8C6}.Debug|Any CPU.Build.0 = Debug|Any CPU
		{B88D7C96-B5F3-4DF3-AF13-849CC9C9E8C6}.Debug|x64.ActiveCfg = Debug|Any CPU
		{B88D7C96-B5F3-4DF3-AF13-849CC9C9E8C6}.Debug|x64.Build.0 = Debug|Any CPU
		{B88D7C96-B5F3-4DF3-AF13-849CC9C9E8C6}.Debug|x86.ActiveCfg = Debug|Any CPU
		{B88D7C96-B5F3-4DF3-AF13-849CC9C9E8C6}.Debug|x86.Build.0 = Debug|Any CPU
		{B88D7C96-B5F3-4DF3-AF13-849CC9C9E8C6}.Release|Any CPU.ActiveCfg = Release|Any CPU
		{B88D7C96-B5F3-4DF3-AF13-849CC9C9E8C6}.Release|Any CPU.Build.0 = Release|Any CPU
		{B88D7C96-B5F3-4DF3-AF13-849CC9C9E8C6}.Release|x64.ActiveCfg = Release|Any CPU
		{B88D7C96-B5F3-4DF3-AF13-849CC9C9E8C6}.Release|x64.Build.0 = Release|Any CPU
		{B88D7C96-B5F3-4DF3-AF13-849CC9C9E8C6}.Release|x86.ActiveCfg = Release|Any CPU
		{B88D7C96-B5F3-4DF3-AF13-849CC9C9E8C6}.Release|x86.Build.0 = Release|Any CPU
		{D9B52075-24CC-44F5-BD5A-3D739BC6CC9C}.Debug|Any CPU.ActiveCfg = Debug|Any CPU
		{D9B52075-24CC-44F5-BD5A-3D739BC6CC9C}.Debug|Any CPU.Build.0 = Debug|Any CPU
		{D9B52075-24CC-44F5-BD5A-3D739BC6CC9C}.Debug|x64.ActiveCfg = Debug|Any CPU
		{D9B52075-24CC-44F5-BD5A-3D739BC6CC9C}.Debug|x64.Build.0 = Debug|Any CPU
		{D9B52075-24CC-44F5-BD5A-3D739BC6CC9C}.Debug|x86.ActiveCfg = Debug|Any CPU
		{D9B52075-24CC-44F5-BD5A-3D739BC6CC9C}.Debug|x86.Build.0 = Debug|Any CPU
		{D9B52075-24CC-44F5-BD5A-3D739BC6CC9C}.Release|Any CPU.ActiveCfg = Release|Any CPU
		{D9B52075-24CC-44F5-BD5A-3D739BC6CC9C}.Release|Any CPU.Build.0 = Release|Any CPU
		{D9B52075-24CC-44F5-BD5A-3D739BC6CC9C}.Release|x64.ActiveCfg = Release|Any CPU
		{D9B52075-24CC-44F5-BD5A-3D739BC6CC9C}.Release|x64.Build.0 = Release|Any CPU
		{D9B52075-24CC-44F5-BD5A-3D739BC6CC9C}.Release|x86.ActiveCfg = Release|Any CPU
		{D9B52075-24CC-44F5-BD5A-3D739BC6CC9C}.Release|x86.Build.0 = Release|Any CPU
		{8A65170A-B81D-4254-9E31-A0F601B1045F}.Debug|Any CPU.ActiveCfg = Debug|Any CPU
		{8A65170A-B81D-4254-9E31-A0F601B1045F}.Debug|Any CPU.Build.0 = Debug|Any CPU
		{8A65170A-B81D-4254-9E31-A0F601B1045F}.Debug|x64.ActiveCfg = Debug|Any CPU
		{8A65170A-B81D-4254-9E31-A0F601B1045F}.Debug|x64.Build.0 = Debug|Any CPU
		{8A65170A-B81D-4254-9E31-A0F601B1045F}.Debug|x86.ActiveCfg = Debug|Any CPU
		{8A65170A-B81D-4254-9E31-A0F601B1045F}.Debug|x86.Build.0 = Debug|Any CPU
		{8A65170A-B81D-4254-9E31-A0F601B1045F}.Release|Any CPU.ActiveCfg = Release|Any CPU
		{8A65170A-B81D-4254-9E31-A0F601B1045F}.Release|Any CPU.Build.0 = Release|Any CPU
		{8A65170A-B81D-4254-9E31-A0F601B1045F}.Release|x64.ActiveCfg = Release|Any CPU
		{8A65170A-B81D-4254-9E31-A0F601B1045F}.Release|x64.Build.0 = Release|Any CPU
		{8A65170A-B81D-4254-9E31-A0F601B1045F}.Release|x86.ActiveCfg = Release|Any CPU
		{8A65170A-B81D-4254-9E31-A0F601B1045F}.Release|x86.Build.0 = Release|Any CPU
		{0344F51D-53AF-464D-ACFC-9239F3BD87AA}.Debug|Any CPU.ActiveCfg = Debug|Any CPU
		{0344F51D-53AF-464D-ACFC-9239F3BD87AA}.Debug|Any CPU.Build.0 = Debug|Any CPU
		{0344F51D-53AF-464D-ACFC-9239F3BD87AA}.Debug|x64.ActiveCfg = Debug|Any CPU
		{0344F51D-53AF-464D-ACFC-9239F3BD87AA}.Debug|x64.Build.0 = Debug|Any CPU
		{0344F51D-53AF-464D-ACFC-9239F3BD87AA}.Debug|x86.ActiveCfg = Debug|Any CPU
		{0344F51D-53AF-464D-ACFC-9239F3BD87AA}.Debug|x86.Build.0 = Debug|Any CPU
		{0344F51D-53AF-464D-ACFC-9239F3BD87AA}.Release|Any CPU.ActiveCfg = Release|Any CPU
		{0344F51D-53AF-464D-ACFC-9239F3BD87AA}.Release|Any CPU.Build.0 = Release|Any CPU
		{0344F51D-53AF-464D-ACFC-9239F3BD87AA}.Release|x64.ActiveCfg = Release|Any CPU
		{0344F51D-53AF-464D-ACFC-9239F3BD87AA}.Release|x64.Build.0 = Release|Any CPU
		{0344F51D-53AF-464D-ACFC-9239F3BD87AA}.Release|x86.ActiveCfg = Release|Any CPU
		{0344F51D-53AF-464D-ACFC-9239F3BD87AA}.Release|x86.Build.0 = Release|Any CPU
		{2A6B9497-BE0F-4117-8D70-DE7204E81588}.Debug|Any CPU.ActiveCfg = Debug|Any CPU
		{2A6B9497-BE0F-4117-8D70-DE7204E81588}.Debug|Any CPU.Build.0 = Debug|Any CPU
		{2A6B9497-BE0F-4117-8D70-DE7204E81588}.Debug|x64.ActiveCfg = Debug|Any CPU
		{2A6B9497-BE0F-4117-8D70-DE7204E81588}.Debug|x64.Build.0 = Debug|Any CPU
		{2A6B9497-BE0F-4117-8D70-DE7204E81588}.Debug|x86.ActiveCfg = Debug|Any CPU
		{2A6B9497-BE0F-4117-8D70-DE7204E81588}.Debug|x86.Build.0 = Debug|Any CPU
		{2A6B9497-BE0F-4117-8D70-DE7204E81588}.Release|Any CPU.ActiveCfg = Release|Any CPU
		{2A6B9497-BE0F-4117-8D70-DE7204E81588}.Release|Any CPU.Build.0 = Release|Any CPU
		{2A6B9497-BE0F-4117-8D70-DE7204E81588}.Release|x64.ActiveCfg = Release|Any CPU
		{2A6B9497-BE0F-4117-8D70-DE7204E81588}.Release|x64.Build.0 = Release|Any CPU
		{2A6B9497-BE0F-4117-8D70-DE7204E81588}.Release|x86.ActiveCfg = Release|Any CPU
		{2A6B9497-BE0F-4117-8D70-DE7204E81588}.Release|x86.Build.0 = Release|Any CPU
		{AC186B48-E71A-43FC-B4A1-BDEEE10C781B}.Debug|Any CPU.ActiveCfg = Debug|Any CPU
		{AC186B48-E71A-43FC-B4A1-BDEEE10C781B}.Debug|Any CPU.Build.0 = Debug|Any CPU
		{AC186B48-E71A-43FC-B4A1-BDEEE10C781B}.Debug|x64.ActiveCfg = Debug|Any CPU
		{AC186B48-E71A-43FC-B4A1-BDEEE10C781B}.Debug|x64.Build.0 = Debug|Any CPU
		{AC186B48-E71A-43FC-B4A1-BDEEE10C781B}.Debug|x86.ActiveCfg = Debug|Any CPU
		{AC186B48-E71A-43FC-B4A1-BDEEE10C781B}.Debug|x86.Build.0 = Debug|Any CPU
		{AC186B48-E71A-43FC-B4A1-BDEEE10C781B}.Release|Any CPU.ActiveCfg = Release|Any CPU
		{AC186B48-E71A-43FC-B4A1-BDEEE10C781B}.Release|Any CPU.Build.0 = Release|Any CPU
		{AC186B48-E71A-43FC-B4A1-BDEEE10C781B}.Release|x64.ActiveCfg = Release|Any CPU
		{AC186B48-E71A-43FC-B4A1-BDEEE10C781B}.Release|x64.Build.0 = Release|Any CPU
		{AC186B48-E71A-43FC-B4A1-BDEEE10C781B}.Release|x86.ActiveCfg = Release|Any CPU
		{AC186B48-E71A-43FC-B4A1-BDEEE10C781B}.Release|x86.Build.0 = Release|Any CPU
		{4932E25A-5F58-4D68-B852-68C3FE216BCF}.Debug|Any CPU.ActiveCfg = Debug|Any CPU
		{4932E25A-5F58-4D68-B852-68C3FE216BCF}.Debug|Any CPU.Build.0 = Debug|Any CPU
		{4932E25A-5F58-4D68-B852-68C3FE216BCF}.Debug|x64.ActiveCfg = Debug|Any CPU
		{4932E25A-5F58-4D68-B852-68C3FE216BCF}.Debug|x64.Build.0 = Debug|Any CPU
		{4932E25A-5F58-4D68-B852-68C3FE216BCF}.Debug|x86.ActiveCfg = Debug|Any CPU
		{4932E25A-5F58-4D68-B852-68C3FE216BCF}.Debug|x86.Build.0 = Debug|Any CPU
		{4932E25A-5F58-4D68-B852-68C3FE216BCF}.Release|Any CPU.ActiveCfg = Release|Any CPU
		{4932E25A-5F58-4D68-B852-68C3FE216BCF}.Release|Any CPU.Build.0 = Release|Any CPU
		{4932E25A-5F58-4D68-B852-68C3FE216BCF}.Release|x64.ActiveCfg = Release|Any CPU
		{4932E25A-5F58-4D68-B852-68C3FE216BCF}.Release|x64.Build.0 = Release|Any CPU
		{4932E25A-5F58-4D68-B852-68C3FE216BCF}.Release|x86.ActiveCfg = Release|Any CPU
		{4932E25A-5F58-4D68-B852-68C3FE216BCF}.Release|x86.Build.0 = Release|Any CPU
		{9AFCC714-20C3-46C7-9750-08B16014D7C9}.Debug|Any CPU.ActiveCfg = Debug|Any CPU
		{9AFCC714-20C3-46C7-9750-08B16014D7C9}.Debug|Any CPU.Build.0 = Debug|Any CPU
		{9AFCC714-20C3-46C7-9750-08B16014D7C9}.Debug|x64.ActiveCfg = Debug|Any CPU
		{9AFCC714-20C3-46C7-9750-08B16014D7C9}.Debug|x64.Build.0 = Debug|Any CPU
		{9AFCC714-20C3-46C7-9750-08B16014D7C9}.Debug|x86.ActiveCfg = Debug|Any CPU
		{9AFCC714-20C3-46C7-9750-08B16014D7C9}.Debug|x86.Build.0 = Debug|Any CPU
		{9AFCC714-20C3-46C7-9750-08B16014D7C9}.Release|Any CPU.ActiveCfg = Release|Any CPU
		{9AFCC714-20C3-46C7-9750-08B16014D7C9}.Release|Any CPU.Build.0 = Release|Any CPU
		{9AFCC714-20C3-46C7-9750-08B16014D7C9}.Release|x64.ActiveCfg = Release|Any CPU
		{9AFCC714-20C3-46C7-9750-08B16014D7C9}.Release|x64.Build.0 = Release|Any CPU
		{9AFCC714-20C3-46C7-9750-08B16014D7C9}.Release|x86.ActiveCfg = Release|Any CPU
		{9AFCC714-20C3-46C7-9750-08B16014D7C9}.Release|x86.Build.0 = Release|Any CPU
		{C9AD9368-1D18-4E6B-A1D6-CB45B4564745}.Debug|Any CPU.ActiveCfg = Debug|Any CPU
		{C9AD9368-1D18-4E6B-A1D6-CB45B4564745}.Debug|Any CPU.Build.0 = Debug|Any CPU
		{C9AD9368-1D18-4E6B-A1D6-CB45B4564745}.Debug|x64.ActiveCfg = Debug|Any CPU
		{C9AD9368-1D18-4E6B-A1D6-CB45B4564745}.Debug|x64.Build.0 = Debug|Any CPU
		{C9AD9368-1D18-4E6B-A1D6-CB45B4564745}.Debug|x86.ActiveCfg = Debug|Any CPU
		{C9AD9368-1D18-4E6B-A1D6-CB45B4564745}.Debug|x86.Build.0 = Debug|Any CPU
		{C9AD9368-1D18-4E6B-A1D6-CB45B4564745}.Release|Any CPU.ActiveCfg = Release|Any CPU
		{C9AD9368-1D18-4E6B-A1D6-CB45B4564745}.Release|Any CPU.Build.0 = Release|Any CPU
		{C9AD9368-1D18-4E6B-A1D6-CB45B4564745}.Release|x64.ActiveCfg = Release|Any CPU
		{C9AD9368-1D18-4E6B-A1D6-CB45B4564745}.Release|x64.Build.0 = Release|Any CPU
		{C9AD9368-1D18-4E6B-A1D6-CB45B4564745}.Release|x86.ActiveCfg = Release|Any CPU
		{C9AD9368-1D18-4E6B-A1D6-CB45B4564745}.Release|x86.Build.0 = Release|Any CPU
		{2A252AA4-F29F-4568-82D2-4E462DF44359}.Debug|Any CPU.ActiveCfg = Debug|Any CPU
		{2A252AA4-F29F-4568-82D2-4E462DF44359}.Debug|Any CPU.Build.0 = Debug|Any CPU
		{2A252AA4-F29F-4568-82D2-4E462DF44359}.Debug|x64.ActiveCfg = Debug|Any CPU
		{2A252AA4-F29F-4568-82D2-4E462DF44359}.Debug|x64.Build.0 = Debug|Any CPU
		{2A252AA4-F29F-4568-82D2-4E462DF44359}.Debug|x86.ActiveCfg = Debug|Any CPU
		{2A252AA4-F29F-4568-82D2-4E462DF44359}.Debug|x86.Build.0 = Debug|Any CPU
		{2A252AA4-F29F-4568-82D2-4E462DF44359}.Release|Any CPU.ActiveCfg = Release|Any CPU
		{2A252AA4-F29F-4568-82D2-4E462DF44359}.Release|Any CPU.Build.0 = Release|Any CPU
		{2A252AA4-F29F-4568-82D2-4E462DF44359}.Release|x64.ActiveCfg = Release|Any CPU
		{2A252AA4-F29F-4568-82D2-4E462DF44359}.Release|x64.Build.0 = Release|Any CPU
		{2A252AA4-F29F-4568-82D2-4E462DF44359}.Release|x86.ActiveCfg = Release|Any CPU
		{2A252AA4-F29F-4568-82D2-4E462DF44359}.Release|x86.Build.0 = Release|Any CPU
		{734445DA-52C6-48C3-B7EA-FA358D12444A}.Debug|Any CPU.ActiveCfg = Debug|Any CPU
		{734445DA-52C6-48C3-B7EA-FA358D12444A}.Debug|Any CPU.Build.0 = Debug|Any CPU
		{734445DA-52C6-48C3-B7EA-FA358D12444A}.Debug|x64.ActiveCfg = Debug|Any CPU
		{734445DA-52C6-48C3-B7EA-FA358D12444A}.Debug|x64.Build.0 = Debug|Any CPU
		{734445DA-52C6-48C3-B7EA-FA358D12444A}.Debug|x86.ActiveCfg = Debug|Any CPU
		{734445DA-52C6-48C3-B7EA-FA358D12444A}.Debug|x86.Build.0 = Debug|Any CPU
		{734445DA-52C6-48C3-B7EA-FA358D12444A}.Release|Any CPU.ActiveCfg = Release|Any CPU
		{734445DA-52C6-48C3-B7EA-FA358D12444A}.Release|Any CPU.Build.0 = Release|Any CPU
		{734445DA-52C6-48C3-B7EA-FA358D12444A}.Release|x64.ActiveCfg = Release|Any CPU
		{734445DA-52C6-48C3-B7EA-FA358D12444A}.Release|x64.Build.0 = Release|Any CPU
		{734445DA-52C6-48C3-B7EA-FA358D12444A}.Release|x86.ActiveCfg = Release|Any CPU
		{734445DA-52C6-48C3-B7EA-FA358D12444A}.Release|x86.Build.0 = Release|Any CPU
	EndGlobalSection
	GlobalSection(SolutionProperties) = preSolution
		HideSolutionNode = FALSE
	EndGlobalSection
	GlobalSection(ExtensibilityGlobals) = postSolution
		SolutionGuid = {B1C2D3E4-F5A6-7890-BCDE-F12345678901}
	EndGlobalSection
EndGlobal
